
Microsoft Visual Studio Solution File, Format Version 12.00
# Visual Studio 15
Project("{FAE04EC0-301F-11D3-BF4B-00C04F79EFBC}") = "Assembly-CSharp", "Assembly-CSharp.csproj", "{B067B132-1B70-D2E2-559B-3B960C803535}"
EndProject
Project("{FAE04EC0-301F-11D3-BF4B-00C04F79EFBC}") = "Assembly-CSharp-Editor", "Assembly-CSharp-Editor.csproj", "{07D535AA-D3AB-FDF3-80B0-F592123527B6}"
EndProject
Global
	GlobalSection(SolutionConfigurationPlatforms) = preSolution
		Debug|Any CPU = Debug|Any CPU
		Release|Any CPU = Release|Any CPU
	EndGlobalSection
	GlobalSection(ProjectConfigurationPlatforms) = postSolution
		{B067B132-1B70-D2E2-559B-3B960C803535}.Debug|Any CPU.ActiveCfg = Debug|Any CPU
		{B067B132-1B70-D2E2-559B-3B960C803535}.Debug|Any CPU.Build.0 = Debug|Any CPU
		{B067B132-1B70-D2E2-559B-3B960C803535}.Release|Any CPU.ActiveCfg = Release|Any CPU
		{B067B132-1B70-D2E2-559B-3B960C803535}.Release|Any CPU.Build.0 = Release|Any CPU
		{07D535AA-D3AB-FDF3-80B0-F592123527B6}.Debug|Any CPU.ActiveCfg = Debug|Any CPU
		{07D535AA-D3AB-FDF3-80B0-F592123527B6}.Debug|Any CPU.Build.0 = Debug|Any CPU
		{07D535AA-D3AB-FDF3-80B0-F592123527B6}.Release|Any CPU.ActiveCfg = Release|Any CPU
		{07D535AA-D3AB-FDF3-80B0-F592123527B6}.Release|Any CPU.Build.0 = Release|Any CPU
	EndGlobalSection
	GlobalSection(SolutionProperties) = preSolution
		HideSolutionNode = FALSE
	EndGlobalSection
EndGlobal
